
Microsoft Visual Studio Solution File, Format Version 12.00
# Visual Studio Version 17
VisualStudioVersion = 17.0.31717.71
MinimumVisualStudioVersion = 10.0.40219.1
Project("{9A19103F-16F7-4668-BE54-9A1E7A4F7556}") = "azurepg", "azurepg.csproj", "{9EB2E09C-633E-4ECE-B46C-F9911D0AF688}"
EndProject
Global
	GlobalSection(SolutionConfigurationPlatforms) = preSolution
		Debug|Any CPU = Debug|Any CPU
		Release|Any CPU = Release|Any CPU
	EndGlobalSection
	GlobalSection(ProjectConfigurationPlatforms) = postSolution
		{9EB2E09C-633E-4ECE-B46C-F9911D0AF688}.Debug|Any CPU.ActiveCfg = Debug|Any CPU
		{9EB2E09C-633E-4ECE-B46C-F9911D0AF688}.Debug|Any CPU.Build.0 = Debug|Any CPU
		{9EB2E09C-633E-4ECE-B46C-F9911D0AF688}.Release|Any CPU.ActiveCfg = Release|Any CPU
		{9EB2E09C-633E-4ECE-B46C-F9911D0AF688}.Release|Any CPU.Build.0 = Release|Any CPU
	EndGlobalSection
	GlobalSection(SolutionProperties) = preSolution
		HideSolutionNode = FALSE
	EndGlobalSection
	GlobalSection(ExtensibilityGlobals) = postSolution
		SolutionGuid = {A7123DA3-307E-45F0-B774-B473AF8ED1BA}
	EndGlobalSection
EndGlobal