
Microsoft Visual Studio Solution File, Format Version 12.00
# Visual Studio Version 17
VisualStudioVersion = 17.0.31903.59
MinimumVisualStudioVersion = 10.0.40219.1
Project("{FAE04EC0-301F-11D3-BF4B-00C04F79EFBC}") = "azurepg", "azurepg\azurepg.csproj", "{5D0D9A81-0640-47AB-8878-DE3F70A6641A}"
EndProject
Project("{FAE04EC0-301F-11D3-BF4B-00C04F79EFBC}") = "azure-ai-library", "azure-ai-library\azure-ai-library.csproj", "{7B477834-4FCC-4919-B89F-1E0392C1F07E}"
EndProject
Project("{FAE04EC0-301F-11D3-BF4B-00C04F79EFBC}") = "azure-ai-library.tests", "azure-ai-library.tests\azure-ai-library.tests.csproj", "{CD23F0A9-DA42-453A-8C91-ED85BB61D2A4}"
EndProject
Global
	GlobalSection(SolutionConfigurationPlatforms) = preSolution
		Debug|Any CPU = Debug|Any CPU
		Release|Any CPU = Release|Any CPU
	EndGlobalSection
	GlobalSection(SolutionProperties) = preSolution
		HideSolutionNode = FALSE
	EndGlobalSection
	GlobalSection(ProjectConfigurationPlatforms) = postSolution
		{5D0D9A81-0640-47AB-8878-DE3F70A6641A}.Debug|Any CPU.ActiveCfg = Debug|Any CPU
		{5D0D9A81-0640-47AB-8878-DE3F70A6641A}.Debug|Any CPU.Build.0 = Debug|Any CPU
		{5D0D9A81-0640-47AB-8878-DE3F70A6641A}.Release|Any CPU.ActiveCfg = Release|Any CPU
		{5D0D9A81-0640-47AB-8878-DE3F70A6641A}.Release|Any CPU.Build.0 = Release|Any CPU
		{7B477834-4FCC-4919-B89F-1E0392C1F07E}.Debug|Any CPU.ActiveCfg = Debug|Any CPU
		{7B477834-4FCC-4919-B89F-1E0392C1F07E}.Debug|Any CPU.Build.0 = Debug|Any CPU
		{7B477834-4FCC-4919-B89F-1E0392C1F07E}.Release|Any CPU.ActiveCfg = Release|Any CPU
		{7B477834-4FCC-4919-B89F-1E0392C1F07E}.Release|Any CPU.Build.0 = Release|Any CPU
		{CD23F0A9-DA42-453A-8C91-ED85BB61D2A4}.Debug|Any CPU.ActiveCfg = Debug|Any CPU
		{CD23F0A9-DA42-453A-8C91-ED85BB61D2A4}.Debug|Any CPU.Build.0 = Debug|Any CPU
		{CD23F0A9-DA42-453A-8C91-ED85BB61D2A4}.Release|Any CPU.ActiveCfg = Release|Any CPU
		{CD23F0A9-DA42-453A-8C91-ED85BB61D2A4}.Release|Any CPU.Build.0 = Release|Any CPU
	EndGlobalSection
EndGlobal
